// !$*UTF8*$!
{
	archiveVersion = 1;
	classes = {
	};
	objectVersion = 50;
	objects = {

/* Begin PBXBuildFile section */
		64320A51260A3DAD00CF3EBC /* BusinessDetailsViewController.swift in Sources */ = {isa = PBXBuildFile; fileRef = 64320A50260A3DAD00CF3EBC /* BusinessDetailsViewController.swift */; };
		64320A59260A3E4600CF3EBC /* BusinessDetailsView.storyboard in Resources */ = {isa = PBXBuildFile; fileRef = 64320A58260A3E4600CF3EBC /* BusinessDetailsView.storyboard */; };
		64AE5EDD25F90F2A005F97A6 /* AppDelegate.swift in Sources */ = {isa = PBXBuildFile; fileRef = 64AE5EDC25F90F2A005F97A6 /* AppDelegate.swift */; };
		64AE5EDF25F90F2A005F97A6 /* SceneDelegate.swift in Sources */ = {isa = PBXBuildFile; fileRef = 64AE5EDE25F90F2A005F97A6 /* SceneDelegate.swift */; };
		64AE5EE425F90F2A005F97A6 /* BusinessInformation.storyboard in Resources */ = {isa = PBXBuildFile; fileRef = 64AE5EE225F90F2A005F97A6 /* BusinessInformation.storyboard */; };
		64AE5EE625F90F2A005F97A6 /* Assets.xcassets in Resources */ = {isa = PBXBuildFile; fileRef = 64AE5EE525F90F2A005F97A6 /* Assets.xcassets */; };
		64AE5EE925F90F2A005F97A6 /* LaunchScreen.storyboard in Resources */ = {isa = PBXBuildFile; fileRef = 64AE5EE725F90F2A005F97A6 /* LaunchScreen.storyboard */; };
		64AE5EF425F90F2A005F97A6 /* algorithmTests.swift in Sources */ = {isa = PBXBuildFile; fileRef = 64AE5EF325F90F2A005F97A6 /* algorithmTests.swift */; };
		64AE5EFF25F90F2A005F97A6 /* algorithmUITests.swift in Sources */ = {isa = PBXBuildFile; fileRef = 64AE5EFE25F90F2A005F97A6 /* algorithmUITests.swift */; };
		64AE5F1925F910F9005F97A6 /* MainTabBar.storyboard in Resources */ = {isa = PBXBuildFile; fileRef = 64AE5F1825F910F9005F97A6 /* MainTabBar.storyboard */; };
		64AE5F1E25F911D2005F97A6 /* MainTabBarViewController.swift in Sources */ = {isa = PBXBuildFile; fileRef = 64AE5F1D25F911D2005F97A6 /* MainTabBarViewController.swift */; };
		64AE5F2525F9123B005F97A6 /* BaseUINavigationController.swift in Sources */ = {isa = PBXBuildFile; fileRef = 64AE5F2425F9123B005F97A6 /* BaseUINavigationController.swift */; };
		64AE5F3025F912A4005F97A6 /* BusinessInformationViewController.swift in Sources */ = {isa = PBXBuildFile; fileRef = 64AE5F2F25F912A4005F97A6 /* BusinessInformationViewController.swift */; };
		64AE5F3E25F91599005F97A6 /* BaseUIViewController.swift in Sources */ = {isa = PBXBuildFile; fileRef = 64AE5F3D25F91599005F97A6 /* BaseUIViewController.swift */; };
		64AE5F4425F9169D005F97A6 /* BusinessInformationView.xib in Resources */ = {isa = PBXBuildFile; fileRef = 64AE5F4325F9169D005F97A6 /* BusinessInformationView.xib */; };
		64C5E4D525FA62C300407F20 /* BusinessInformationView.swift in Sources */ = {isa = PBXBuildFile; fileRef = 64C5E4D425FA62C300407F20 /* BusinessInformationView.swift */; };
		64DF495B2608E38300324376 /* Localizable.strings in Resources */ = {isa = PBXBuildFile; fileRef = 64DF495A2608E38300324376 /* Localizable.strings */; };
		64DF49712608E63400324376 /* ExtensionString.swift in Sources */ = {isa = PBXBuildFile; fileRef = 64DF49702608E63400324376 /* ExtensionString.swift */; };
		64DF49802608E72000324376 /* InfoContents.swift in Sources */ = {isa = PBXBuildFile; fileRef = 64DF497F2608E72000324376 /* InfoContents.swift */; };
		64DF49852608E72900324376 /* InfoContents.xib in Resources */ = {isa = PBXBuildFile; fileRef = 64DF49842608E72900324376 /* InfoContents.xib */; };
		64F4BAD2260B6CEB00D838E3 /* BusinessDetail.xib in Resources */ = {isa = PBXBuildFile; fileRef = 64F4BAD1260B6CEB00D838E3 /* BusinessDetail.xib */; };
		64F4BAD7260B718800D838E3 /* BusinessDetail.swift in Sources */ = {isa = PBXBuildFile; fileRef = 64F4BAD6260B718800D838E3 /* BusinessDetail.swift */; };
/* End PBXBuildFile section */

/* Begin PBXContainerItemProxy section */
		64AE5EF025F90F2A005F97A6 /* PBXContainerItemProxy */ = {
			isa = PBXContainerItemProxy;
			containerPortal = 64AE5ED125F90F2A005F97A6 /* Project object */;
			proxyType = 1;
			remoteGlobalIDString = 64AE5ED825F90F2A005F97A6;
			remoteInfo = algorithm;
		};
		64AE5EFB25F90F2A005F97A6 /* PBXContainerItemProxy */ = {
			isa = PBXContainerItemProxy;
			containerPortal = 64AE5ED125F90F2A005F97A6 /* Project object */;
			proxyType = 1;
			remoteGlobalIDString = 64AE5ED825F90F2A005F97A6;
			remoteInfo = algorithm;
		};
/* End PBXContainerItemProxy section */

/* Begin PBXFileReference section */
		64320A50260A3DAD00CF3EBC /* BusinessDetailsViewController.swift */ = {isa = PBXFileReference; lastKnownFileType = sourcecode.swift; path = BusinessDetailsViewController.swift; sourceTree = "<group>"; };
		64320A58260A3E4600CF3EBC /* BusinessDetailsView.storyboard */ = {isa = PBXFileReference; lastKnownFileType = file.storyboard; path = BusinessDetailsView.storyboard; sourceTree = "<group>"; };
		64AE5ED925F90F2A005F97A6 /* algorithm.app */ = {isa = PBXFileReference; explicitFileType = wrapper.application; includeInIndex = 0; path = algorithm.app; sourceTree = BUILT_PRODUCTS_DIR; };
		64AE5EDC25F90F2A005F97A6 /* AppDelegate.swift */ = {isa = PBXFileReference; lastKnownFileType = sourcecode.swift; path = AppDelegate.swift; sourceTree = "<group>"; };
		64AE5EDE25F90F2A005F97A6 /* SceneDelegate.swift */ = {isa = PBXFileReference; lastKnownFileType = sourcecode.swift; path = SceneDelegate.swift; sourceTree = "<group>"; };
		64AE5EE325F90F2A005F97A6 /* Base */ = {isa = PBXFileReference; lastKnownFileType = file.storyboard; name = Base; path = Base.lproj/BusinessInformation.storyboard; sourceTree = "<group>"; };
		64AE5EE525F90F2A005F97A6 /* Assets.xcassets */ = {isa = PBXFileReference; lastKnownFileType = folder.assetcatalog; path = Assets.xcassets; sourceTree = "<group>"; };
		64AE5EE825F90F2A005F97A6 /* Base */ = {isa = PBXFileReference; lastKnownFileType = file.storyboard; name = Base; path = Base.lproj/LaunchScreen.storyboard; sourceTree = "<group>"; };
		64AE5EEA25F90F2A005F97A6 /* Info.plist */ = {isa = PBXFileReference; lastKnownFileType = text.plist.xml; path = Info.plist; sourceTree = "<group>"; };
		64AE5EEF25F90F2A005F97A6 /* algorithmTests.xctest */ = {isa = PBXFileReference; explicitFileType = wrapper.cfbundle; includeInIndex = 0; path = algorithmTests.xctest; sourceTree = BUILT_PRODUCTS_DIR; };
		64AE5EF325F90F2A005F97A6 /* algorithmTests.swift */ = {isa = PBXFileReference; lastKnownFileType = sourcecode.swift; path = algorithmTests.swift; sourceTree = "<group>"; };
		64AE5EF525F90F2A005F97A6 /* Info.plist */ = {isa = PBXFileReference; lastKnownFileType = text.plist.xml; path = Info.plist; sourceTree = "<group>"; };
		64AE5EFA25F90F2A005F97A6 /* algorithmUITests.xctest */ = {isa = PBXFileReference; explicitFileType = wrapper.cfbundle; includeInIndex = 0; path = algorithmUITests.xctest; sourceTree = BUILT_PRODUCTS_DIR; };
		64AE5EFE25F90F2A005F97A6 /* algorithmUITests.swift */ = {isa = PBXFileReference; lastKnownFileType = sourcecode.swift; path = algorithmUITests.swift; sourceTree = "<group>"; };
		64AE5F0025F90F2A005F97A6 /* Info.plist */ = {isa = PBXFileReference; lastKnownFileType = text.plist.xml; path = Info.plist; sourceTree = "<group>"; };
		64AE5F1825F910F9005F97A6 /* MainTabBar.storyboard */ = {isa = PBXFileReference; lastKnownFileType = file.storyboard; path = MainTabBar.storyboard; sourceTree = "<group>"; };
		64AE5F1D25F911D2005F97A6 /* MainTabBarViewController.swift */ = {isa = PBXFileReference; lastKnownFileType = sourcecode.swift; path = MainTabBarViewController.swift; sourceTree = "<group>"; };
		64AE5F2425F9123B005F97A6 /* BaseUINavigationController.swift */ = {isa = PBXFileReference; lastKnownFileType = sourcecode.swift; path = BaseUINavigationController.swift; sourceTree = "<group>"; };
		64AE5F2F25F912A4005F97A6 /* BusinessInformationViewController.swift */ = {isa = PBXFileReference; lastKnownFileType = sourcecode.swift; path = BusinessInformationViewController.swift; sourceTree = "<group>"; };
		64AE5F3D25F91599005F97A6 /* BaseUIViewController.swift */ = {isa = PBXFileReference; lastKnownFileType = sourcecode.swift; path = BaseUIViewController.swift; sourceTree = "<group>"; };
		64AE5F4325F9169D005F97A6 /* BusinessInformationView.xib */ = {isa = PBXFileReference; lastKnownFileType = file.xib; path = BusinessInformationView.xib; sourceTree = "<group>"; };
		64C5E4D425FA62C300407F20 /* BusinessInformationView.swift */ = {isa = PBXFileReference; lastKnownFileType = sourcecode.swift; path = BusinessInformationView.swift; sourceTree = "<group>"; };
		64DF495A2608E38300324376 /* Localizable.strings */ = {isa = PBXFileReference; fileEncoding = 4; lastKnownFileType = text.plist.strings; path = Localizable.strings; sourceTree = "<group>"; };
		64DF49702608E63400324376 /* ExtensionString.swift */ = {isa = PBXFileReference; lastKnownFileType = sourcecode.swift; path = ExtensionString.swift; sourceTree = "<group>"; };
		64DF497F2608E72000324376 /* InfoContents.swift */ = {isa = PBXFileReference; fileEncoding = 4; lastKnownFileType = sourcecode.swift; name = InfoContents.swift; path = algorithm/src/controller/Business/Paging/InfoContents.swift; sourceTree = SOURCE_ROOT; };
		64DF49842608E72900324376 /* InfoContents.xib */ = {isa = PBXFileReference; fileEncoding = 4; lastKnownFileType = file.xib; name = InfoContents.xib; path = algorithm/src/controller/Business/Paging/InfoContents.xib; sourceTree = SOURCE_ROOT; };
		64F4BAD1260B6CEB00D838E3 /* BusinessDetail.xib */ = {isa = PBXFileReference; lastKnownFileType = file.xib; path = BusinessDetail.xib; sourceTree = "<group>"; };
		64F4BAD6260B718800D838E3 /* BusinessDetail.swift */ = {isa = PBXFileReference; lastKnownFileType = sourcecode.swift; path = BusinessDetail.swift; sourceTree = "<group>"; };
/* End PBXFileReference section */

/* Begin PBXFrameworksBuildPhase section */
		64AE5ED625F90F2A005F97A6 /* Frameworks */ = {
			isa = PBXFrameworksBuildPhase;
			buildActionMask = 2147483647;
			files = (
			);
			runOnlyForDeploymentPostprocessing = 0;
		};
		64AE5EEC25F90F2A005F97A6 /* Frameworks */ = {
			isa = PBXFrameworksBuildPhase;
			buildActionMask = 2147483647;
			files = (
			);
			runOnlyForDeploymentPostprocessing = 0;
		};
		64AE5EF725F90F2A005F97A6 /* Frameworks */ = {
			isa = PBXFrameworksBuildPhase;
			buildActionMask = 2147483647;
			files = (
			);
			runOnlyForDeploymentPostprocessing = 0;
		};
/* End PBXFrameworksBuildPhase section */

/* Begin PBXGroup section */
		64AE5ED025F90F2A005F97A6 = {
			isa = PBXGroup;
			children = (
				64AE5EDB25F90F2A005F97A6 /* algorithm */,
				64AE5EF225F90F2A005F97A6 /* algorithmTests */,
				64AE5EFD25F90F2A005F97A6 /* algorithmUITests */,
				64AE5EDA25F90F2A005F97A6 /* Products */,
			);
			sourceTree = "<group>";
		};
		64AE5EDA25F90F2A005F97A6 /* Products */ = {
			isa = PBXGroup;
			children = (
				64AE5ED925F90F2A005F97A6 /* algorithm.app */,
				64AE5EEF25F90F2A005F97A6 /* algorithmTests.xctest */,
				64AE5EFA25F90F2A005F97A6 /* algorithmUITests.xctest */,
			);
			name = Products;
			sourceTree = "<group>";
		};
		64AE5EDB25F90F2A005F97A6 /* algorithm */ = {
			isa = PBXGroup;
			children = (
				64AE5F0F25F90FA6005F97A6 /* config */,
				64AE5F1025F90FB8005F97A6 /* src */,
				64AE5F1125F90FC6005F97A6 /* resource */,
			);
			path = algorithm;
			sourceTree = "<group>";
		};
		64AE5EF225F90F2A005F97A6 /* algorithmTests */ = {
			isa = PBXGroup;
			children = (
				64AE5EF325F90F2A005F97A6 /* algorithmTests.swift */,
				64AE5EF525F90F2A005F97A6 /* Info.plist */,
			);
			path = algorithmTests;
			sourceTree = "<group>";
		};
		64AE5EFD25F90F2A005F97A6 /* algorithmUITests */ = {
			isa = PBXGroup;
			children = (
				64AE5EFE25F90F2A005F97A6 /* algorithmUITests.swift */,
				64AE5F0025F90F2A005F97A6 /* Info.plist */,
			);
			path = algorithmUITests;
			sourceTree = "<group>";
		};
		64AE5F0F25F90FA6005F97A6 /* config */ = {
			isa = PBXGroup;
			children = (
				64AE5EEA25F90F2A005F97A6 /* Info.plist */,
			);
			path = config;
			sourceTree = "<group>";
		};
		64AE5F1025F90FB8005F97A6 /* src */ = {
			isa = PBXGroup;
			children = (
				64AE5F1525F91075005F97A6 /* common */,
				64AE5F1425F91069005F97A6 /* model */,
				64AE5F1325F9105D005F97A6 /* controller */,
				64AE5F1225F91053005F97A6 /* view */,
			);
			path = src;
			sourceTree = "<group>";
		};
		64AE5F1125F90FC6005F97A6 /* resource */ = {
			isa = PBXGroup;
			children = (
				64AE5EE525F90F2A005F97A6 /* Assets.xcassets */,
				64DF495A2608E38300324376 /* Localizable.strings */,
			);
			path = resource;
			sourceTree = "<group>";
		};
		64AE5F1225F91053005F97A6 /* view */ = {
			isa = PBXGroup;
			children = (
				64DF496F2608E5F800324376 /* extention */,
				64AE5F1625F910B1005F97A6 /* storyboard */,
			);
			path = view;
			sourceTree = "<group>";
		};
		64AE5F1325F9105D005F97A6 /* controller */ = {
			isa = PBXGroup;
			children = (
				64F4BAD0260B6CC900D838E3 /* xib */,
				64AE5F2225F91213005F97A6 /* base */,
				64AE5F4225F9165C005F97A6 /* BusinessInformation */,
				64AE5F1D25F911D2005F97A6 /* MainTabBarViewController.swift */,
				64AE5F2F25F912A4005F97A6 /* BusinessInformationViewController.swift */,
				64320A50260A3DAD00CF3EBC /* BusinessDetailsViewController.swift */,
			);
			path = controller;
			sourceTree = "<group>";
		};
		64AE5F1425F91069005F97A6 /* model */ = {
			isa = PBXGroup;
			children = (
			);
			path = model;
			sourceTree = "<group>";
		};
		64AE5F1525F91075005F97A6 /* common */ = {
			isa = PBXGroup;
			children = (
				64AE5EDC25F90F2A005F97A6 /* AppDelegate.swift */,
				64AE5EDE25F90F2A005F97A6 /* SceneDelegate.swift */,
			);
			path = common;
			sourceTree = "<group>";
		};
		64AE5F1625F910B1005F97A6 /* storyboard */ = {
			isa = PBXGroup;
			children = (
				64AE5F1725F910CF005F97A6 /* Main */,
				64AE5EE725F90F2A005F97A6 /* LaunchScreen.storyboard */,
				64320A58260A3E4600CF3EBC /* BusinessDetailsView.storyboard */,
			);
			path = storyboard;
			sourceTree = "<group>";
		};
		64AE5F1725F910CF005F97A6 /* Main */ = {
			isa = PBXGroup;
			children = (
				64AE5EE225F90F2A005F97A6 /* BusinessInformation.storyboard */,
				64AE5F1825F910F9005F97A6 /* MainTabBar.storyboard */,
			);
			path = Main;
			sourceTree = "<group>";
		};
		64AE5F2225F91213005F97A6 /* base */ = {
			isa = PBXGroup;
			children = (
				64AE5F2425F9123B005F97A6 /* BaseUINavigationController.swift */,
				64AE5F3D25F91599005F97A6 /* BaseUIViewController.swift */,
			);
			path = base;
			sourceTree = "<group>";
		};
		64AE5F4225F9165C005F97A6 /* BusinessInformation */ = {
			isa = PBXGroup;
			children = (
				64DF497E2608E6EF00324376 /* Paging */,
				64AE5F4325F9169D005F97A6 /* BusinessInformationView.xib */,
				64C5E4D425FA62C300407F20 /* BusinessInformationView.swift */,
			);
			path = BusinessInformation;
			sourceTree = "<group>";
		};
		64DF496F2608E5F800324376 /* extention */ = {
			isa = PBXGroup;
			children = (
				64DF49702608E63400324376 /* ExtensionString.swift */,
			);
			path = extention;
			sourceTree = "<group>";
		};
		64DF497E2608E6EF00324376 /* Paging */ = {
			isa = PBXGroup;
			children = (
				64DF497F2608E72000324376 /* InfoContents.swift */,
				64DF49842608E72900324376 /* InfoContents.xib */,
			);
			path = Paging;
			sourceTree = "<group>";
		};
		64F4BAD0260B6CC900D838E3 /* xib */ = {
			isa = PBXGroup;
			children = (
				64F4BAD1260B6CEB00D838E3 /* BusinessDetail.xib */,
				64F4BAD6260B718800D838E3 /* BusinessDetail.swift */,
			);
			path = xib;
			sourceTree = "<group>";
		};
/* End PBXGroup section */

/* Begin PBXNativeTarget section */
		64AE5ED825F90F2A005F97A6 /* algorithm */ = {
			isa = PBXNativeTarget;
			buildConfigurationList = 64AE5F0325F90F2A005F97A6 /* Build configuration list for PBXNativeTarget "algorithm" */;
			buildPhases = (
				64AE5ED525F90F2A005F97A6 /* Sources */,
				64AE5ED625F90F2A005F97A6 /* Frameworks */,
				64AE5ED725F90F2A005F97A6 /* Resources */,
			);
			buildRules = (
			);
			dependencies = (
			);
			name = algorithm;
			productName = algorithm;
			productReference = 64AE5ED925F90F2A005F97A6 /* algorithm.app */;
			productType = "com.apple.product-type.application";
		};
		64AE5EEE25F90F2A005F97A6 /* algorithmTests */ = {
			isa = PBXNativeTarget;
			buildConfigurationList = 64AE5F0625F90F2A005F97A6 /* Build configuration list for PBXNativeTarget "algorithmTests" */;
			buildPhases = (
				64AE5EEB25F90F2A005F97A6 /* Sources */,
				64AE5EEC25F90F2A005F97A6 /* Frameworks */,
				64AE5EED25F90F2A005F97A6 /* Resources */,
			);
			buildRules = (
			);
			dependencies = (
				64AE5EF125F90F2A005F97A6 /* PBXTargetDependency */,
			);
			name = algorithmTests;
			productName = algorithmTests;
			productReference = 64AE5EEF25F90F2A005F97A6 /* algorithmTests.xctest */;
			productType = "com.apple.product-type.bundle.unit-test";
		};
		64AE5EF925F90F2A005F97A6 /* algorithmUITests */ = {
			isa = PBXNativeTarget;
			buildConfigurationList = 64AE5F0925F90F2A005F97A6 /* Build configuration list for PBXNativeTarget "algorithmUITests" */;
			buildPhases = (
				64AE5EF625F90F2A005F97A6 /* Sources */,
				64AE5EF725F90F2A005F97A6 /* Frameworks */,
				64AE5EF825F90F2A005F97A6 /* Resources */,
			);
			buildRules = (
			);
			dependencies = (
				64AE5EFC25F90F2A005F97A6 /* PBXTargetDependency */,
			);
			name = algorithmUITests;
			productName = algorithmUITests;
			productReference = 64AE5EFA25F90F2A005F97A6 /* algorithmUITests.xctest */;
			productType = "com.apple.product-type.bundle.ui-testing";
		};
/* End PBXNativeTarget section */

/* Begin PBXProject section */
		64AE5ED125F90F2A005F97A6 /* Project object */ = {
			isa = PBXProject;
			attributes = {
				LastSwiftUpdateCheck = 1240;
				LastUpgradeCheck = 1240;
				TargetAttributes = {
					64AE5ED825F90F2A005F97A6 = {
						CreatedOnToolsVersion = 12.4;
					};
					64AE5EEE25F90F2A005F97A6 = {
						CreatedOnToolsVersion = 12.4;
						TestTargetID = 64AE5ED825F90F2A005F97A6;
					};
					64AE5EF925F90F2A005F97A6 = {
						CreatedOnToolsVersion = 12.4;
						TestTargetID = 64AE5ED825F90F2A005F97A6;
					};
				};
			};
			buildConfigurationList = 64AE5ED425F90F2A005F97A6 /* Build configuration list for PBXProject "algorithm" */;
			compatibilityVersion = "Xcode 9.3";
			developmentRegion = en;
			hasScannedForEncodings = 0;
			knownRegions = (
				en,
				Base,
			);
			mainGroup = 64AE5ED025F90F2A005F97A6;
			productRefGroup = 64AE5EDA25F90F2A005F97A6 /* Products */;
			projectDirPath = "";
			projectRoot = "";
			targets = (
				64AE5ED825F90F2A005F97A6 /* algorithm */,
				64AE5EEE25F90F2A005F97A6 /* algorithmTests */,
				64AE5EF925F90F2A005F97A6 /* algorithmUITests */,
			);
		};
/* End PBXProject section */

/* Begin PBXResourcesBuildPhase section */
		64AE5ED725F90F2A005F97A6 /* Resources */ = {
			isa = PBXResourcesBuildPhase;
			buildActionMask = 2147483647;
			files = (
				64AE5EE925F90F2A005F97A6 /* LaunchScreen.storyboard in Resources */,
				64DF495B2608E38300324376 /* Localizable.strings in Resources */,
				64320A59260A3E4600CF3EBC /* BusinessDetailsView.storyboard in Resources */,
				64AE5F1925F910F9005F97A6 /* MainTabBar.storyboard in Resources */,
				64F4BAD2260B6CEB00D838E3 /* BusinessDetail.xib in Resources */,
				64DF49852608E72900324376 /* InfoContents.xib in Resources */,
				64AE5EE625F90F2A005F97A6 /* Assets.xcassets in Resources */,
				64AE5F4425F9169D005F97A6 /* BusinessInformationView.xib in Resources */,
				64AE5EE425F90F2A005F97A6 /* BusinessInformation.storyboard in Resources */,
			);
			runOnlyForDeploymentPostprocessing = 0;
		};
		64AE5EED25F90F2A005F97A6 /* Resources */ = {
			isa = PBXResourcesBuildPhase;
			buildActionMask = 2147483647;
			files = (
			);
			runOnlyForDeploymentPostprocessing = 0;
		};
		64AE5EF825F90F2A005F97A6 /* Resources */ = {
			isa = PBXResourcesBuildPhase;
			buildActionMask = 2147483647;
			files = (
			);
			runOnlyForDeploymentPostprocessing = 0;
		};
/* End PBXResourcesBuildPhase section */

/* Begin PBXSourcesBuildPhase section */
		64AE5ED525F90F2A005F97A6 /* Sources */ = {
			isa = PBXSourcesBuildPhase;
			buildActionMask = 2147483647;
			files = (
				64AE5F2525F9123B005F97A6 /* BaseUINavigationController.swift in Sources */,
				64AE5F1E25F911D2005F97A6 /* MainTabBarViewController.swift in Sources */,
				64AE5EDD25F90F2A005F97A6 /* AppDelegate.swift in Sources */,
				64C5E4D525FA62C300407F20 /* BusinessInformationView.swift in Sources */,
				64DF49712608E63400324376 /* ExtensionString.swift in Sources */,
				64AE5F3E25F91599005F97A6 /* BaseUIViewController.swift in Sources */,
				64F4BAD7260B718800D838E3 /* BusinessDetail.swift in Sources */,
				64320A51260A3DAD00CF3EBC /* BusinessDetailsViewController.swift in Sources */,
				64AE5EDF25F90F2A005F97A6 /* SceneDelegate.swift in Sources */,
				64AE5F3025F912A4005F97A6 /* BusinessInformationViewController.swift in Sources */,
				64DF49802608E72000324376 /* InfoContents.swift in Sources */,
			);
			runOnlyForDeploymentPostprocessing = 0;
		};
		64AE5EEB25F90F2A005F97A6 /* Sources */ = {
			isa = PBXSourcesBuildPhase;
			buildActionMask = 2147483647;
			files = (
				64AE5EF425F90F2A005F97A6 /* algorithmTests.swift in Sources */,
			);
			runOnlyForDeploymentPostprocessing = 0;
		};
		64AE5EF625F90F2A005F97A6 /* Sources */ = {
			isa = PBXSourcesBuildPhase;
			buildActionMask = 2147483647;
			files = (
				64AE5EFF25F90F2A005F97A6 /* algorithmUITests.swift in Sources */,
			);
			runOnlyForDeploymentPostprocessing = 0;
		};
/* End PBXSourcesBuildPhase section */

/* Begin PBXTargetDependency section */
		64AE5EF125F90F2A005F97A6 /* PBXTargetDependency */ = {
			isa = PBXTargetDependency;
			target = 64AE5ED825F90F2A005F97A6 /* algorithm */;
			targetProxy = 64AE5EF025F90F2A005F97A6 /* PBXContainerItemProxy */;
		};
		64AE5EFC25F90F2A005F97A6 /* PBXTargetDependency */ = {
			isa = PBXTargetDependency;
			target = 64AE5ED825F90F2A005F97A6 /* algorithm */;
			targetProxy = 64AE5EFB25F90F2A005F97A6 /* PBXContainerItemProxy */;
		};
/* End PBXTargetDependency section */

/* Begin PBXVariantGroup section */
		64AE5EE225F90F2A005F97A6 /* BusinessInformation.storyboard */ = {
			isa = PBXVariantGroup;
			children = (
				64AE5EE325F90F2A005F97A6 /* Base */,
			);
			name = BusinessInformation.storyboard;
			sourceTree = "<group>";
		};
		64AE5EE725F90F2A005F97A6 /* LaunchScreen.storyboard */ = {
			isa = PBXVariantGroup;
			children = (
				64AE5EE825F90F2A005F97A6 /* Base */,
			);
			name = LaunchScreen.storyboard;
			sourceTree = "<group>";
		};
/* End PBXVariantGroup section */

/* Begin XCBuildConfiguration section */
		64AE5F0125F90F2A005F97A6 /* Debug */ = {
			isa = XCBuildConfiguration;
			buildSettings = {
				ALWAYS_SEARCH_USER_PATHS = NO;
				CLANG_ANALYZER_NONNULL = YES;
				CLANG_ANALYZER_NUMBER_OBJECT_CONVERSION = YES_AGGRESSIVE;
				CLANG_CXX_LANGUAGE_STANDARD = "gnu++14";
				CLANG_CXX_LIBRARY = "libc++";
				CLANG_ENABLE_MODULES = YES;
				CLANG_ENABLE_OBJC_ARC = YES;
				CLANG_ENABLE_OBJC_WEAK = YES;
				CLANG_WARN_BLOCK_CAPTURE_AUTORELEASING = YES;
				CLANG_WARN_BOOL_CONVERSION = YES;
				CLANG_WARN_COMMA = YES;
				CLANG_WARN_CONSTANT_CONVERSION = YES;
				CLANG_WARN_DEPRECATED_OBJC_IMPLEMENTATIONS = YES;
				CLANG_WARN_DIRECT_OBJC_ISA_USAGE = YES_ERROR;
				CLANG_WARN_DOCUMENTATION_COMMENTS = YES;
				CLANG_WARN_EMPTY_BODY = YES;
				CLANG_WARN_ENUM_CONVERSION = YES;
				CLANG_WARN_INFINITE_RECURSION = YES;
				CLANG_WARN_INT_CONVERSION = YES;
				CLANG_WARN_NON_LITERAL_NULL_CONVERSION = YES;
				CLANG_WARN_OBJC_IMPLICIT_RETAIN_SELF = YES;
				CLANG_WARN_OBJC_LITERAL_CONVERSION = YES;
				CLANG_WARN_OBJC_ROOT_CLASS = YES_ERROR;
				CLANG_WARN_QUOTED_INCLUDE_IN_FRAMEWORK_HEADER = YES;
				CLANG_WARN_RANGE_LOOP_ANALYSIS = YES;
				CLANG_WARN_STRICT_PROTOTYPES = YES;
				CLANG_WARN_SUSPICIOUS_MOVE = YES;
				CLANG_WARN_UNGUARDED_AVAILABILITY = YES_AGGRESSIVE;
				CLANG_WARN_UNREACHABLE_CODE = YES;
				CLANG_WARN__DUPLICATE_METHOD_MATCH = YES;
				COPY_PHASE_STRIP = NO;
				DEBUG_INFORMATION_FORMAT = dwarf;
				ENABLE_STRICT_OBJC_MSGSEND = YES;
				ENABLE_TESTABILITY = YES;
				GCC_C_LANGUAGE_STANDARD = gnu11;
				GCC_DYNAMIC_NO_PIC = NO;
				GCC_NO_COMMON_BLOCKS = YES;
				GCC_OPTIMIZATION_LEVEL = 0;
				GCC_PREPROCESSOR_DEFINITIONS = (
					"DEBUG=1",
					"$(inherited)",
				);
				GCC_WARN_64_TO_32_BIT_CONVERSION = YES;
				GCC_WARN_ABOUT_RETURN_TYPE = YES_ERROR;
				GCC_WARN_UNDECLARED_SELECTOR = YES;
				GCC_WARN_UNINITIALIZED_AUTOS = YES_AGGRESSIVE;
				GCC_WARN_UNUSED_FUNCTION = YES;
				GCC_WARN_UNUSED_VARIABLE = YES;
				IPHONEOS_DEPLOYMENT_TARGET = 14.4;
				MTL_ENABLE_DEBUG_INFO = INCLUDE_SOURCE;
				MTL_FAST_MATH = YES;
				ONLY_ACTIVE_ARCH = YES;
				SDKROOT = iphoneos;
				SWIFT_ACTIVE_COMPILATION_CONDITIONS = DEBUG;
				SWIFT_OPTIMIZATION_LEVEL = "-Onone";
			};
			name = Debug;
		};
		64AE5F0225F90F2A005F97A6 /* Release */ = {
			isa = XCBuildConfiguration;
			buildSettings = {
				ALWAYS_SEARCH_USER_PATHS = NO;
				CLANG_ANALYZER_NONNULL = YES;
				CLANG_ANALYZER_NUMBER_OBJECT_CONVERSION = YES_AGGRESSIVE;
				CLANG_CXX_LANGUAGE_STANDARD = "gnu++14";
				CLANG_CXX_LIBRARY = "libc++";
				CLANG_ENABLE_MODULES = YES;
				CLANG_ENABLE_OBJC_ARC = YES;
				CLANG_ENABLE_OBJC_WEAK = YES;
				CLANG_WARN_BLOCK_CAPTURE_AUTORELEASING = YES;
				CLANG_WARN_BOOL_CONVERSION = YES;
				CLANG_WARN_COMMA = YES;
				CLANG_WARN_CONSTANT_CONVERSION = YES;
				CLANG_WARN_DEPRECATED_OBJC_IMPLEMENTATIONS = YES;
				CLANG_WARN_DIRECT_OBJC_ISA_USAGE = YES_ERROR;
				CLANG_WARN_DOCUMENTATION_COMMENTS = YES;
				CLANG_WARN_EMPTY_BODY = YES;
				CLANG_WARN_ENUM_CONVERSION = YES;
				CLANG_WARN_INFINITE_RECURSION = YES;
				CLANG_WARN_INT_CONVERSION = YES;
				CLANG_WARN_NON_LITERAL_NULL_CONVERSION = YES;
				CLANG_WARN_OBJC_IMPLICIT_RETAIN_SELF = YES;
				CLANG_WARN_OBJC_LITERAL_CONVERSION = YES;
				CLANG_WARN_OBJC_ROOT_CLASS = YES_ERROR;
				CLANG_WARN_QUOTED_INCLUDE_IN_FRAMEWORK_HEADER = YES;
				CLANG_WARN_RANGE_LOOP_ANALYSIS = YES;
				CLANG_WARN_STRICT_PROTOTYPES = YES;
				CLANG_WARN_SUSPICIOUS_MOVE = YES;
				CLANG_WARN_UNGUARDED_AVAILABILITY = YES_AGGRESSIVE;
				CLANG_WARN_UNREACHABLE_CODE = YES;
				CLANG_WARN__DUPLICATE_METHOD_MATCH = YES;
				COPY_PHASE_STRIP = NO;
				DEBUG_INFORMATION_FORMAT = "dwarf-with-dsym";
				ENABLE_NS_ASSERTIONS = NO;
				ENABLE_STRICT_OBJC_MSGSEND = YES;
				GCC_C_LANGUAGE_STANDARD = gnu11;
				GCC_NO_COMMON_BLOCKS = YES;
				GCC_WARN_64_TO_32_BIT_CONVERSION = YES;
				GCC_WARN_ABOUT_RETURN_TYPE = YES_ERROR;
				GCC_WARN_UNDECLARED_SELECTOR = YES;
				GCC_WARN_UNINITIALIZED_AUTOS = YES_AGGRESSIVE;
				GCC_WARN_UNUSED_FUNCTION = YES;
				GCC_WARN_UNUSED_VARIABLE = YES;
				IPHONEOS_DEPLOYMENT_TARGET = 14.4;
				MTL_ENABLE_DEBUG_INFO = NO;
				MTL_FAST_MATH = YES;
				SDKROOT = iphoneos;
				SWIFT_COMPILATION_MODE = wholemodule;
				SWIFT_OPTIMIZATION_LEVEL = "-O";
				VALIDATE_PRODUCT = YES;
			};
			name = Release;
		};
		64AE5F0425F90F2A005F97A6 /* Debug */ = {
			isa = XCBuildConfiguration;
			buildSettings = {
				ASSETCATALOG_COMPILER_APPICON_NAME = AppIcon;
				ASSETCATALOG_COMPILER_GLOBAL_ACCENT_COLOR_NAME = AccentColor;
				CODE_SIGN_STYLE = Automatic;
				DEVELOPMENT_TEAM = 7MZ6C98N3S;
				INFOPLIST_FILE = algorithm/config/Info.plist;
				LD_RUNPATH_SEARCH_PATHS = (
					"$(inherited)",
					"@executable_path/Frameworks",
				);
				PRODUCT_BUNDLE_IDENTIFIER = gmail.com.mines.respect.algorithm;
				PRODUCT_NAME = "$(TARGET_NAME)";
				SWIFT_VERSION = 5.0;
				TARGETED_DEVICE_FAMILY = "1,2";
			};
			name = Debug;
		};
		64AE5F0525F90F2A005F97A6 /* Release */ = {
			isa = XCBuildConfiguration;
			buildSettings = {
				ASSETCATALOG_COMPILER_APPICON_NAME = AppIcon;
				ASSETCATALOG_COMPILER_GLOBAL_ACCENT_COLOR_NAME = AccentColor;
				CODE_SIGN_STYLE = Automatic;
				DEVELOPMENT_TEAM = 7MZ6C98N3S;
				INFOPLIST_FILE = algorithm/config/Info.plist;
				LD_RUNPATH_SEARCH_PATHS = (
					"$(inherited)",
					"@executable_path/Frameworks",
				);
				PRODUCT_BUNDLE_IDENTIFIER = gmail.com.mines.respect.algorithm;
				PRODUCT_NAME = "$(TARGET_NAME)";
				SWIFT_VERSION = 5.0;
				TARGETED_DEVICE_FAMILY = "1,2";
			};
			name = Release;
		};
		64AE5F0725F90F2A005F97A6 /* Debug */ = {
			isa = XCBuildConfiguration;
			buildSettings = {
				ALWAYS_EMBED_SWIFT_STANDARD_LIBRARIES = YES;
				BUNDLE_LOADER = "$(TEST_HOST)";
				CODE_SIGN_STYLE = Automatic;
				DEVELOPMENT_TEAM = 7MZ6C98N3S;
				INFOPLIST_FILE = algorithmTests/Info.plist;
				IPHONEOS_DEPLOYMENT_TARGET = 14.4;
				LD_RUNPATH_SEARCH_PATHS = (
					"$(inherited)",
					"@executable_path/Frameworks",
					"@loader_path/Frameworks",
				);
				PRODUCT_BUNDLE_IDENTIFIER = gmail.com.mines.respect.algorithmTests;
				PRODUCT_NAME = "$(TARGET_NAME)";
				SWIFT_VERSION = 5.0;
				TARGETED_DEVICE_FAMILY = "1,2";
				TEST_HOST = "$(BUILT_PRODUCTS_DIR)/algorithm.app/algorithm";
			};
			name = Debug;
		};
		64AE5F0825F90F2A005F97A6 /* Release */ = {
			isa = XCBuildConfiguration;
			buildSettings = {
				ALWAYS_EMBED_SWIFT_STANDARD_LIBRARIES = YES;
				BUNDLE_LOADER = "$(TEST_HOST)";
				CODE_SIGN_STYLE = Automatic;
				DEVELOPMENT_TEAM = 7MZ6C98N3S;
				INFOPLIST_FILE = algorithmTests/Info.plist;
				IPHONEOS_DEPLOYMENT_TARGET = 14.4;
				LD_RUNPATH_SEARCH_PATHS = (
					"$(inherited)",
					"@executable_path/Frameworks",
					"@loader_path/Frameworks",
				);
				PRODUCT_BUNDLE_IDENTIFIER = gmail.com.mines.respect.algorithmTests;
				PRODUCT_NAME = "$(TARGET_NAME)";
				SWIFT_VERSION = 5.0;
				TARGETED_DEVICE_FAMILY = "1,2";
				TEST_HOST = "$(BUILT_PRODUCTS_DIR)/algorithm.app/algorithm";
			};
			name = Release;
		};
		64AE5F0A25F90F2A005F97A6 /* Debug */ = {
			isa = XCBuildConfiguration;
			buildSettings = {
				ALWAYS_EMBED_SWIFT_STANDARD_LIBRARIES = YES;
				CODE_SIGN_STYLE = Automatic;
				DEVELOPMENT_TEAM = 7MZ6C98N3S;
				INFOPLIST_FILE = algorithmUITests/Info.plist;
				LD_RUNPATH_SEARCH_PATHS = (
					"$(inherited)",
					"@executable_path/Frameworks",
					"@loader_path/Frameworks",
				);
				PRODUCT_BUNDLE_IDENTIFIER = gmail.com.mines.respect.algorithmUITests;
				PRODUCT_NAME = "$(TARGET_NAME)";
				SWIFT_VERSION = 5.0;
				TARGETED_DEVICE_FAMILY = "1,2";
				TEST_TARGET_NAME = algorithm;
			};
			name = Debug;
		};
		64AE5F0B25F90F2A005F97A6 /* Release */ = {
			isa = XCBuildConfiguration;
			buildSettings = {
				ALWAYS_EMBED_SWIFT_STANDARD_LIBRARIES = YES;
				CODE_SIGN_STYLE = Automatic;
				DEVELOPMENT_TEAM = 7MZ6C98N3S;
				INFOPLIST_FILE = algorithmUITests/Info.plist;
				LD_RUNPATH_SEARCH_PATHS = (
					"$(inherited)",
					"@executable_path/Frameworks",
					"@loader_path/Frameworks",
				);
				PRODUCT_BUNDLE_IDENTIFIER = gmail.com.mines.respect.algorithmUITests;
				PRODUCT_NAME = "$(TARGET_NAME)";
				SWIFT_VERSION = 5.0;
				TARGETED_DEVICE_FAMILY = "1,2";
				TEST_TARGET_NAME = algorithm;
			};
			name = Release;
		};
/* End XCBuildConfiguration section */

/* Begin XCConfigurationList section */
		64AE5ED425F90F2A005F97A6 /* Build configuration list for PBXProject "algorithm" */ = {
			isa = XCConfigurationList;
			buildConfigurations = (
				64AE5F0125F90F2A005F97A6 /* Debug */,
				64AE5F0225F90F2A005F97A6 /* Release */,
			);
			defaultConfigurationIsVisible = 0;
			defaultConfigurationName = Release;
		};
		64AE5F0325F90F2A005F97A6 /* Build configuration list for PBXNativeTarget "algorithm" */ = {
			isa = XCConfigurationList;
			buildConfigurations = (
				64AE5F0425F90F2A005F97A6 /* Debug */,
				64AE5F0525F90F2A005F97A6 /* Release */,
			);
			defaultConfigurationIsVisible = 0;
			defaultConfigurationName = Release;
		};
		64AE5F0625F90F2A005F97A6 /* Build configuration list for PBXNativeTarget "algorithmTests" */ = {
			isa = XCConfigurationList;
			buildConfigurations = (
				64AE5F0725F90F2A005F97A6 /* Debug */,
				64AE5F0825F90F2A005F97A6 /* Release */,
			);
			defaultConfigurationIsVisible = 0;
			defaultConfigurationName = Release;
		};
		64AE5F0925F90F2A005F97A6 /* Build configuration list for PBXNativeTarget "algorithmUITests" */ = {
			isa = XCConfigurationList;
			buildConfigurations = (
				64AE5F0A25F90F2A005F97A6 /* Debug */,
				64AE5F0B25F90F2A005F97A6 /* Release */,
			);
			defaultConfigurationIsVisible = 0;
			defaultConfigurationName = Release;
		};
/* End XCConfigurationList section */
	};
	rootObject = 64AE5ED125F90F2A005F97A6 /* Project object */;
}
